
Microsoft Visual Studio Solution File, Format Version 12.00
# Visual Studio Version 17
VisualStudioVersion = 17.4.33205.214
MinimumVisualStudioVersion = 10.0.40219.1
Project("{FAE04EC0-301F-11D3-BF4B-00C04F79EFBC}") = "ExampleApp", "ExampleApp\ExampleApp.csproj", "{70244BDF-8006-4960-892A-0AFDD5660CC6}"
EndProject
Project("{2150E333-8FDC-42A3-9474-1A3956D46DE8}") = "Solution Items", "Solution Items", "{DD67BF91-1570-44CC-B334-D8EC85700C3D}"
	ProjectSection(SolutionItems) = preProject
		.editorconfig = .editorconfig
	EndProjectSection
EndProject
Global
	GlobalSection(SolutionConfigurationPlatforms) = preSolution
		Debug|Any CPU = Debug|Any CPU
		Release|Any CPU = Release|Any CPU
	EndGlobalSection
	GlobalSection(ProjectConfigurationPlatforms) = postSolution
		{70244BDF-8006-4960-892A-0AFDD5660CC6}.Debug|Any CPU.ActiveCfg = Debug|Any CPU
		{70244BDF-8006-4960-892A-0AFDD5660CC6}.Debug|Any CPU.Build.0 = Debug|Any CPU
		{70244BDF-8006-4960-892A-0AFDD5660CC6}.Release|Any CPU.ActiveCfg = Release|Any CPU
		{70244BDF-8006-4960-892A-0AFDD5660CC6}.Release|Any CPU.Build.0 = Release|Any CPU
	EndGlobalSection
	GlobalSection(SolutionProperties) = preSolution
		HideSolutionNode = FALSE
	EndGlobalSection
	GlobalSection(ExtensibilityGlobals) = postSolution
		SolutionGuid = {23C29475-0276-4187-842B-5B8DDB33BE60}
	EndGlobalSection
EndGlobal
